// !$*UTF8*$!
{
	archiveVersion = 1;
	classes = {
	};
	objectVersion = 56;
	objects = {

/* Begin PBXBuildFile section */
		A10000000000000000000001 /* LINUXDOReaderApp.swift in Sources */ = {isa = PBXBuildFile; fileRef = B10000000000000000000001 /* LINUXDOReaderApp.swift */; };
		A10000000000000000000002 /* AppState.swift in Sources */ = {isa = PBXBuildFile; fileRef = B10000000000000000000002 /* AppState.swift */; };
		A10000000000000000000003 /* LDOError.swift in Sources */ = {isa = PBXBuildFile; fileRef = B10000000000000000000003 /* LDOError.swift */; };
		A10000000000000000000004 /* Endpoints.swift in Sources */ = {isa = PBXBuildFile; fileRef = B10000000000000000000004 /* Endpoints.swift */; };
		A10000000000000000000005 /* RequestGate.swift in Sources */ = {isa = PBXBuildFile; fileRef = B10000000000000000000005 /* RequestGate.swift */; };
		A10000000000000000000006 /* APIClient.swift in Sources */ = {isa = PBXBuildFile; fileRef = B10000000000000000000006 /* APIClient.swift */; };
		A10000000000000000000007 /* TopicModels.swift in Sources */ = {isa = PBXBuildFile; fileRef = B10000000000000000000007 /* TopicModels.swift */; };
		A10000000000000000000008 /* TopicListViewModel.swift in Sources */ = {isa = PBXBuildFile; fileRef = B10000000000000000000008 /* TopicListViewModel.swift */; };
		A10000000000000000000009 /* TopicDetailViewModel.swift in Sources */ = {isa = PBXBuildFile; fileRef = B10000000000000000000009 /* TopicDetailViewModel.swift */; };
		A1000000000000000000000A /* ContentView.swift in Sources */ = {isa = PBXBuildFile; fileRef = B1000000000000000000000A /* ContentView.swift */; };
		A1000000000000000000000B /* SidebarView.swift in Sources */ = {isa = PBXBuildFile; fileRef = B1000000000000000000000B /* SidebarView.swift */; };
		A1000000000000000000000C /* TopicListView.swift in Sources */ = {isa = PBXBuildFile; fileRef = B1000000000000000000000C /* TopicListView.swift */; };
		A1000000000000000000000D /* TopicRowView.swift in Sources */ = {isa = PBXBuildFile; fileRef = B1000000000000000000000D /* TopicRowView.swift */; };
		A1000000000000000000000E /* TopicDetailView.swift in Sources */ = {isa = PBXBuildFile; fileRef = B1000000000000000000000E /* TopicDetailView.swift */; };
		A1000000000000000000000F /* PostCardView.swift in Sources */ = {isa = PBXBuildFile; fileRef = B1000000000000000000000F /* PostCardView.swift */; };
		A10000000000000000000010 /* CookedHTMLView.swift in Sources */ = {isa = PBXBuildFile; fileRef = B10000000000000000000010 /* CookedHTMLView.swift */; };
		A10000000000000000000011 /* AvatarView.swift in Sources */ = {isa = PBXBuildFile; fileRef = B10000000000000000000011 /* AvatarView.swift */; };
		A10000000000000000000012 /* StatusPanes.swift in Sources */ = {isa = PBXBuildFile; fileRef = B10000000000000000000012 /* StatusPanes.swift */; };
		A10000000000000000000013 /* SettingsView.swift in Sources */ = {isa = PBXBuildFile; fileRef = B10000000000000000000013 /* SettingsView.swift */; };
		A10000000000000000000014 /* Assets.xcassets in Resources */ = {isa = PBXBuildFile; fileRef = B10000000000000000000014 /* Assets.xcassets */; };
		A10000000000000000000015 /* CategoryModels.swift in Sources */ = {isa = PBXBuildFile; fileRef = B10000000000000000000016 /* CategoryModels.swift */; };
		A10000000000000000000016 /* CategoryStore.swift in Sources */ = {isa = PBXBuildFile; fileRef = B10000000000000000000017 /* CategoryStore.swift */; };
		A10000000000000000000017 /* RSSFeedParser.swift in Sources */ = {isa = PBXBuildFile; fileRef = B10000000000000000000018 /* RSSFeedParser.swift */; };
		A10000000000000000000018 /* SiteSessionStore.swift in Sources */ = {isa = PBXBuildFile; fileRef = B10000000000000000000019 /* SiteSessionStore.swift */; };
		A10000000000000000000019 /* SiteBrowserView.swift in Sources */ = {isa = PBXBuildFile; fileRef = B1000000000000000000001A /* SiteBrowserView.swift */; };
		A1000000000000000000001A /* DesignSystem.swift in Sources */ = {isa = PBXBuildFile; fileRef = B1000000000000000000001B /* DesignSystem.swift */; };
/* End PBXBuildFile section */

/* Begin PBXFileReference section */
		B10000000000000000000001 /* LINUXDOReaderApp.swift */ = {isa = PBXFileReference; lastKnownFileType = sourcecode.swift; path = LINUXDOReaderApp.swift; sourceTree = "<group>"; };
		B10000000000000000000002 /* AppState.swift */ = {isa = PBXFileReference; lastKnownFileType = sourcecode.swift; path = AppState.swift; sourceTree = "<group>"; };
		B10000000000000000000003 /* LDOError.swift */ = {isa = PBXFileReference; lastKnownFileType = sourcecode.swift; path = LDOError.swift; sourceTree = "<group>"; };
		B10000000000000000000004 /* Endpoints.swift */ = {isa = PBXFileReference; lastKnownFileType = sourcecode.swift; path = Endpoints.swift; sourceTree = "<group>"; };
		B10000000000000000000005 /* RequestGate.swift */ = {isa = PBXFileReference; lastKnownFileType = sourcecode.swift; path = RequestGate.swift; sourceTree = "<group>"; };
		B10000000000000000000006 /* APIClient.swift */ = {isa = PBXFileReference; lastKnownFileType = sourcecode.swift; path = APIClient.swift; sourceTree = "<group>"; };
		B10000000000000000000007 /* TopicModels.swift */ = {isa = PBXFileReference; lastKnownFileType = sourcecode.swift; path = TopicModels.swift; sourceTree = "<group>"; };
		B10000000000000000000008 /* TopicListViewModel.swift */ = {isa = PBXFileReference; lastKnownFileType = sourcecode.swift; path = TopicListViewModel.swift; sourceTree = "<group>"; };
		B10000000000000000000009 /* TopicDetailViewModel.swift */ = {isa = PBXFileReference; lastKnownFileType = sourcecode.swift; path = TopicDetailViewModel.swift; sourceTree = "<group>"; };
		B1000000000000000000000A /* ContentView.swift */ = {isa = PBXFileReference; lastKnownFileType = sourcecode.swift; path = ContentView.swift; sourceTree = "<group>"; };
		B1000000000000000000000B /* SidebarView.swift */ = {isa = PBXFileReference; lastKnownFileType = sourcecode.swift; path = SidebarView.swift; sourceTree = "<group>"; };
		B1000000000000000000000C /* TopicListView.swift */ = {isa = PBXFileReference; lastKnownFileType = sourcecode.swift; path = TopicListView.swift; sourceTree = "<group>"; };
		B1000000000000000000000D /* TopicRowView.swift */ = {isa = PBXFileReference; lastKnownFileType = sourcecode.swift; path = TopicRowView.swift; sourceTree = "<group>"; };
		B1000000000000000000000E /* TopicDetailView.swift */ = {isa = PBXFileReference; lastKnownFileType = sourcecode.swift; path = TopicDetailView.swift; sourceTree = "<group>"; };
		B1000000000000000000000F /* PostCardView.swift */ = {isa = PBXFileReference; lastKnownFileType = sourcecode.swift; path = PostCardView.swift; sourceTree = "<group>"; };
		B10000000000000000000010 /* CookedHTMLView.swift */ = {isa = PBXFileReference; lastKnownFileType = sourcecode.swift; path = CookedHTMLView.swift; sourceTree = "<group>"; };
		B10000000000000000000011 /* AvatarView.swift */ = {isa = PBXFileReference; lastKnownFileType = sourcecode.swift; path = AvatarView.swift; sourceTree = "<group>"; };
		B10000000000000000000012 /* StatusPanes.swift */ = {isa = PBXFileReference; lastKnownFileType = sourcecode.swift; path = StatusPanes.swift; sourceTree = "<group>"; };
		B10000000000000000000013 /* SettingsView.swift */ = {isa = PBXFileReference; lastKnownFileType = sourcecode.swift; path = SettingsView.swift; sourceTree = "<group>"; };
		B10000000000000000000014 /* Assets.xcassets */ = {isa = PBXFileReference; lastKnownFileType = folder.assetcatalog; path = Assets.xcassets; sourceTree = "<group>"; };
		B10000000000000000000015 /* LINUXDOReader.app */ = {isa = PBXFileReference; explicitFileType = wrapper.application; includeInIndex = 0; path = LINUXDOReader.app; sourceTree = BUILT_PRODUCTS_DIR; };
		B10000000000000000000016 /* CategoryModels.swift */ = {isa = PBXFileReference; lastKnownFileType = sourcecode.swift; path = CategoryModels.swift; sourceTree = "<group>"; };
		B10000000000000000000017 /* CategoryStore.swift */ = {isa = PBXFileReference; lastKnownFileType = sourcecode.swift; path = CategoryStore.swift; sourceTree = "<group>"; };
		B10000000000000000000018 /* RSSFeedParser.swift */ = {isa = PBXFileReference; lastKnownFileType = sourcecode.swift; path = RSSFeedParser.swift; sourceTree = "<group>"; };
		B10000000000000000000019 /* SiteSessionStore.swift */ = {isa = PBXFileReference; lastKnownFileType = sourcecode.swift; path = SiteSessionStore.swift; sourceTree = "<group>"; };
		B1000000000000000000001A /* SiteBrowserView.swift */ = {isa = PBXFileReference; lastKnownFileType = sourcecode.swift; path = SiteBrowserView.swift; sourceTree = "<group>"; };
		B1000000000000000000001B /* DesignSystem.swift */ = {isa = PBXFileReference; lastKnownFileType = sourcecode.swift; path = DesignSystem.swift; sourceTree = "<group>"; };
/* End PBXFileReference section */

/* Begin PBXFrameworksBuildPhase section */
		C10000000000000000000001 /* Frameworks */ = {
			isa = PBXFrameworksBuildPhase;
			buildActionMask = 2147483647;
			files = (
			);
			runOnlyForDeploymentPostprocessing = 0;
		};
/* End PBXFrameworksBuildPhase section */

/* Begin PBXGroup section */
		D10000000000000000000001 = {
			isa = PBXGroup;
			children = (
				D10000000000000000000002 /* LINUXDOReader */,
				D10000000000000000000003 /* Products */,
			);
			sourceTree = "<group>";
		};
		D10000000000000000000002 /* LINUXDOReader */ = {
			isa = PBXGroup;
			children = (
				D10000000000000000000004 /* App */,
				D10000000000000000000005 /* Models */,
				D10000000000000000000006 /* Network */,
				D10000000000000000000007 /* ViewModels */,
				D10000000000000000000008 /* Views */,
				D10000000000000000000009 /* Resources */,
			);
			path = LINUXDOReader;
			sourceTree = "<group>";
		};
		D10000000000000000000003 /* Products */ = {
			isa = PBXGroup;
			children = (
				B10000000000000000000015 /* LINUXDOReader.app */,
			);
			name = Products;
			sourceTree = "<group>";
		};
		D10000000000000000000004 /* App */ = {
			isa = PBXGroup;
			children = (
				B10000000000000000000001 /* LINUXDOReaderApp.swift */,
				B10000000000000000000002 /* AppState.swift */,
			);
			path = App;
			sourceTree = "<group>";
		};
		D10000000000000000000005 /* Models */ = {
			isa = PBXGroup;
			children = (
				B10000000000000000000016 /* CategoryModels.swift */,
				B10000000000000000000007 /* TopicModels.swift */,
			);
			path = Models;
			sourceTree = "<group>";
		};
		D10000000000000000000006 /* Network */ = {
			isa = PBXGroup;
			children = (
				B10000000000000000000003 /* LDOError.swift */,
				B10000000000000000000004 /* Endpoints.swift */,
				B10000000000000000000005 /* RequestGate.swift */,
				B10000000000000000000006 /* APIClient.swift */,
				B10000000000000000000018 /* RSSFeedParser.swift */,
			);
			path = Network;
			sourceTree = "<group>";
		};
		D10000000000000000000007 /* ViewModels */ = {
			isa = PBXGroup;
			children = (
				B10000000000000000000017 /* CategoryStore.swift */,
				B10000000000000000000019 /* SiteSessionStore.swift */,
				B10000000000000000000008 /* TopicListViewModel.swift */,
				B10000000000000000000009 /* TopicDetailViewModel.swift */,
			);
			path = ViewModels;
			sourceTree = "<group>";
		};
		D10000000000000000000008 /* Views */ = {
			isa = PBXGroup;
			children = (
				B1000000000000000000000A /* ContentView.swift */,
				B1000000000000000000000B /* SidebarView.swift */,
				B1000000000000000000000C /* TopicListView.swift */,
				B1000000000000000000000D /* TopicRowView.swift */,
				B1000000000000000000000E /* TopicDetailView.swift */,
				B1000000000000000000000F /* PostCardView.swift */,
				B10000000000000000000010 /* CookedHTMLView.swift */,
				B10000000000000000000013 /* SettingsView.swift */,
				B1000000000000000000001A /* SiteBrowserView.swift */,
				D1000000000000000000000A /* Components */,
			);
			path = Views;
			sourceTree = "<group>";
		};
		D10000000000000000000009 /* Resources */ = {
			isa = PBXGroup;
			children = (
				B10000000000000000000014 /* Assets.xcassets */,
			);
			path = Resources;
			sourceTree = "<group>";
		};
		D1000000000000000000000A /* Components */ = {
			isa = PBXGroup;
			children = (
				B1000000000000000000001B /* DesignSystem.swift */,
				B10000000000000000000011 /* AvatarView.swift */,
				B10000000000000000000012 /* StatusPanes.swift */,
			);
			path = Components;
			sourceTree = "<group>";
		};
/* End PBXGroup section */

/* Begin PBXNativeTarget section */
		E10000000000000000000001 /* LINUXDOReader */ = {
			isa = PBXNativeTarget;
			buildConfigurationList = F10000000000000000000003 /* Build configuration list for PBXNativeTarget "LINUXDOReader" */;
			buildPhases = (
				E10000000000000000000002 /* Sources */,
				C10000000000000000000001 /* Frameworks */,
				E10000000000000000000003 /* Resources */,
			);
			buildRules = (
			);
			dependencies = (
			);
			name = LINUXDOReader;
			productName = LINUXDOReader;
			productReference = B10000000000000000000015 /* LINUXDOReader.app */;
			productType = "com.apple.product-type.application";
		};
/* End PBXNativeTarget section */

/* Begin PBXProject section */
		E10000000000000000000004 /* Project object */ = {
			isa = PBXProject;
			attributes = {
				BuildIndependentTargetsInParallel = 1;
				LastSwiftUpdateCheck = 1500;
				LastUpgradeCheck = 1500;
				TargetAttributes = {
					E10000000000000000000001 = {
						CreatedOnToolsVersion = 15.0;
					};
				};
			};
			buildConfigurationList = F10000000000000000000001 /* Build configuration list for PBXProject "LINUXDOReader" */;
			compatibilityVersion = "Xcode 14.0";
			developmentRegion = "zh-Hans";
			hasScannedForEncodings = 0;
			knownRegions = (
				en,
				Base,
				"zh-Hans",
			);
			mainGroup = D10000000000000000000001;
			productRefGroup = D10000000000000000000003 /* Products */;
			projectDirPath = "";
			projectRoot = "";
			targets = (
				E10000000000000000000001 /* LINUXDOReader */,
			);
		};
/* End PBXProject section */

/* Begin PBXResourcesBuildPhase section */
		E10000000000000000000003 /* Resources */ = {
			isa = PBXResourcesBuildPhase;
			buildActionMask = 2147483647;
			files = (
				A10000000000000000000014 /* Assets.xcassets in Resources */,
			);
			runOnlyForDeploymentPostprocessing = 0;
		};
/* End PBXResourcesBuildPhase section */

/* Begin PBXSourcesBuildPhase section */
		E10000000000000000000002 /* Sources */ = {
			isa = PBXSourcesBuildPhase;
			buildActionMask = 2147483647;
			files = (
				A10000000000000000000001 /* LINUXDOReaderApp.swift in Sources */,
				A10000000000000000000002 /* AppState.swift in Sources */,
				A10000000000000000000003 /* LDOError.swift in Sources */,
				A10000000000000000000004 /* Endpoints.swift in Sources */,
				A10000000000000000000005 /* RequestGate.swift in Sources */,
				A10000000000000000000006 /* APIClient.swift in Sources */,
				A10000000000000000000007 /* TopicModels.swift in Sources */,
				A10000000000000000000008 /* TopicListViewModel.swift in Sources */,
				A10000000000000000000009 /* TopicDetailViewModel.swift in Sources */,
				A1000000000000000000000A /* ContentView.swift in Sources */,
				A1000000000000000000000B /* SidebarView.swift in Sources */,
				A1000000000000000000000C /* TopicListView.swift in Sources */,
				A1000000000000000000000D /* TopicRowView.swift in Sources */,
				A1000000000000000000000E /* TopicDetailView.swift in Sources */,
				A1000000000000000000000F /* PostCardView.swift in Sources */,
				A10000000000000000000010 /* CookedHTMLView.swift in Sources */,
				A10000000000000000000011 /* AvatarView.swift in Sources */,
				A10000000000000000000012 /* StatusPanes.swift in Sources */,
				A10000000000000000000013 /* SettingsView.swift in Sources */,
				A10000000000000000000015 /* CategoryModels.swift in Sources */,
				A10000000000000000000016 /* CategoryStore.swift in Sources */,
				A10000000000000000000017 /* RSSFeedParser.swift in Sources */,
				A10000000000000000000018 /* SiteSessionStore.swift in Sources */,
				A10000000000000000000019 /* SiteBrowserView.swift in Sources */,
				A1000000000000000000001A /* DesignSystem.swift in Sources */,
			);
			runOnlyForDeploymentPostprocessing = 0;
		};
/* End PBXSourcesBuildPhase section */

/* Begin XCBuildConfiguration section */
		F10000000000000000000004 /* Debug */ = {
			isa = XCBuildConfiguration;
			buildSettings = {
				ALWAYS_SEARCH_USER_PATHS = NO;
				CLANG_ENABLE_MODULES = YES;
				CLANG_ENABLE_OBJC_ARC = YES;
				COPY_PHASE_STRIP = NO;
				DEBUG_INFORMATION_FORMAT = dwarf;
				ENABLE_TESTABILITY = YES;
				GCC_DYNAMIC_NO_PIC = NO;
				GCC_OPTIMIZATION_LEVEL = 0;
				MACOSX_DEPLOYMENT_TARGET = 14.0;
				ONLY_ACTIVE_ARCH = YES;
				SDKROOT = macosx;
				SWIFT_ACTIVE_COMPILATION_CONDITIONS = DEBUG;
				SWIFT_OPTIMIZATION_LEVEL = "-Onone";
			};
			name = Debug;
		};
		F10000000000000000000005 /* Release */ = {
			isa = XCBuildConfiguration;
			buildSettings = {
				ALWAYS_SEARCH_USER_PATHS = NO;
				CLANG_ENABLE_MODULES = YES;
				CLANG_ENABLE_OBJC_ARC = YES;
				COPY_PHASE_STRIP = NO;
				DEBUG_INFORMATION_FORMAT = "dwarf-with-dsym";
				MACOSX_DEPLOYMENT_TARGET = 14.0;
				SDKROOT = macosx;
				SWIFT_COMPILATION_MODE = wholemodule;
				SWIFT_OPTIMIZATION_LEVEL = "-O";
			};
			name = Release;
		};
		F10000000000000000000006 /* Debug */ = {
			isa = XCBuildConfiguration;
			buildSettings = {
				ASSETCATALOG_COMPILER_APPICON_NAME = AppIcon;
				ASSETCATALOG_COMPILER_GLOBAL_ACCENT_COLOR_NAME = AccentColor;
				CODE_SIGN_STYLE = Automatic;
				COMBINE_HIDPI_IMAGES = YES;
				CURRENT_PROJECT_VERSION = 1;
				ENABLE_HARDENED_RUNTIME = YES;
				GENERATE_INFOPLIST_FILE = YES;
				INFOPLIST_KEY_CFBundleDisplayName = "LINUX DO";
				INFOPLIST_KEY_LSApplicationCategoryType = "public.app-category.social-networking";
				INFOPLIST_KEY_NSHumanReadableCopyright = "Third-party unofficial client. Not affiliated with LINUX DO.";
				INFOPLIST_KEY_NSPrincipalClass = NSApplication;
				LD_RUNPATH_SEARCH_PATHS = (
					"$(inherited)",
					"@executable_path/../Frameworks",
				);
				MACOSX_DEPLOYMENT_TARGET = 14.0;
				MARKETING_VERSION = 0.6.1;
				PRODUCT_BUNDLE_IDENTIFIER = com.linuxdo.reader;
				PRODUCT_NAME = "$(TARGET_NAME)";
				SWIFT_EMIT_LOC_STRINGS = YES;
				SWIFT_VERSION = 5.0;
			};
			name = Debug;
		};
		F10000000000000000000007 /* Release */ = {
			isa = XCBuildConfiguration;
			buildSettings = {
				ASSETCATALOG_COMPILER_APPICON_NAME = AppIcon;
				ASSETCATALOG_COMPILER_GLOBAL_ACCENT_COLOR_NAME = AccentColor;
				CODE_SIGN_STYLE = Automatic;
				COMBINE_HIDPI_IMAGES = YES;
				CURRENT_PROJECT_VERSION = 1;
				ENABLE_HARDENED_RUNTIME = YES;
				GENERATE_INFOPLIST_FILE = YES;
				INFOPLIST_KEY_CFBundleDisplayName = "LINUX DO";
				INFOPLIST_KEY_LSApplicationCategoryType = "public.app-category.social-networking";
				INFOPLIST_KEY_NSHumanReadableCopyright = "Third-party unofficial client. Not affiliated with LINUX DO.";
				INFOPLIST_KEY_NSPrincipalClass = NSApplication;
				LD_RUNPATH_SEARCH_PATHS = (
					"$(inherited)",
					"@executable_path/../Frameworks",
				);
				MACOSX_DEPLOYMENT_TARGET = 14.0;
				MARKETING_VERSION = 0.6.1;
				PRODUCT_BUNDLE_IDENTIFIER = com.linuxdo.reader;
				PRODUCT_NAME = "$(TARGET_NAME)";
				SWIFT_EMIT_LOC_STRINGS = YES;
				SWIFT_VERSION = 5.0;
			};
			name = Release;
		};
/* End XCBuildConfiguration section */

/* Begin XCConfigurationList section */
		F10000000000000000000001 /* Build configuration list for PBXProject "LINUXDOReader" */ = {
			isa = XCConfigurationList;
			buildConfigurations = (
				F10000000000000000000004 /* Debug */,
				F10000000000000000000005 /* Release */,
			);
			defaultConfigurationIsVisible = 0;
			defaultConfigurationName = Release;
		};
		F10000000000000000000003 /* Build configuration list for PBXNativeTarget "LINUXDOReader" */ = {
			isa = XCConfigurationList;
			buildConfigurations = (
				F10000000000000000000006 /* Debug */,
				F10000000000000000000007 /* Release */,
			);
			defaultConfigurationIsVisible = 0;
			defaultConfigurationName = Release;
		};
/* End XCConfigurationList section */
	};
	rootObject = E10000000000000000000004 /* Project object */;
}
